// !$*UTF8*$!
{
	archiveVersion = 1;
	classes = {
	};
	objectVersion = 50;
	objects = {

/* Begin PBXBuildFile section */
		2DF3CBE993A021104BDFB9FA /* Pods_WordList.framework in Frameworks */ = {isa = PBXBuildFile; fileRef = 7B91AFE02E7A88BCA1C06923 /* Pods_WordList.framework */; };
		9D31634521C061070082CCC5 /* AppDelegate.swift in Sources */ = {isa = PBXBuildFile; fileRef = 9D31634421C061070082CCC5 /* AppDelegate.swift */; };
		9D31634A21C061070082CCC5 /* Main.storyboard in Resources */ = {isa = PBXBuildFile; fileRef = 9D31634821C061070082CCC5 /* Main.storyboard */; };
		9D31634C21C061080082CCC5 /* Assets.xcassets in Resources */ = {isa = PBXBuildFile; fileRef = 9D31634B21C061080082CCC5 /* Assets.xcassets */; };
		9D31634F21C061080082CCC5 /* LaunchScreen.storyboard in Resources */ = {isa = PBXBuildFile; fileRef = 9D31634D21C061080082CCC5 /* LaunchScreen.storyboard */; };
		9D31635721C068B60082CCC5 /* TableViewController.swift in Sources */ = {isa = PBXBuildFile; fileRef = 9D31635621C068B60082CCC5 /* TableViewController.swift */; };
		9D31635B21C06E050082CCC5 /* PreviewViewController.swift in Sources */ = {isa = PBXBuildFile; fileRef = 9D31635A21C06E050082CCC5 /* PreviewViewController.swift */; };
		9D97590C21C2FCE600DA3802 /* Word.swift in Sources */ = {isa = PBXBuildFile; fileRef = 9D97590B21C2FCE600DA3802 /* Word.swift */; };
/* End PBXBuildFile section */

/* Begin PBXFileReference section */
		41AF5C3C04EB767AA1DE309A /* Pods-WordList.release.xcconfig */ = {isa = PBXFileReference; includeInIndex = 1; lastKnownFileType = text.xcconfig; name = "Pods-WordList.release.xcconfig"; path = "Pods/Target Support Files/Pods-WordList/Pods-WordList.release.xcconfig"; sourceTree = "<group>"; };
		737AEF03FF0A7ED6C0C62BE9 /* Pods-WordList.debug.xcconfig */ = {isa = PBXFileReference; includeInIndex = 1; lastKnownFileType = text.xcconfig; name = "Pods-WordList.debug.xcconfig"; path = "Pods/Target Support Files/Pods-WordList/Pods-WordList.debug.xcconfig"; sourceTree = "<group>"; };
		7B91AFE02E7A88BCA1C06923 /* Pods_WordList.framework */ = {isa = PBXFileReference; explicitFileType = wrapper.framework; includeInIndex = 0; path = Pods_WordList.framework; sourceTree = BUILT_PRODUCTS_DIR; };
		9D31634121C061070082CCC5 /* WordList.app */ = {isa = PBXFileReference; explicitFileType = wrapper.application; includeInIndex = 0; path = WordList.app; sourceTree = BUILT_PRODUCTS_DIR; };
		9D31634421C061070082CCC5 /* AppDelegate.swift */ = {isa = PBXFileReference; lastKnownFileType = sourcecode.swift; path = AppDelegate.swift; sourceTree = "<group>"; };
		9D31634921C061070082CCC5 /* Base */ = {isa = PBXFileReference; lastKnownFileType = file.storyboard; name = Base; path = Base.lproj/Main.storyboard; sourceTree = "<group>"; };
		9D31634B21C061080082CCC5 /* Assets.xcassets */ = {isa = PBXFileReference; lastKnownFileType = folder.assetcatalog; path = Assets.xcassets; sourceTree = "<group>"; };
		9D31634E21C061080082CCC5 /* Base */ = {isa = PBXFileReference; lastKnownFileType = file.storyboard; name = Base; path = Base.lproj/LaunchScreen.storyboard; sourceTree = "<group>"; };
		9D31635021C061080082CCC5 /* Info.plist */ = {isa = PBXFileReference; lastKnownFileType = text.plist.xml; path = Info.plist; sourceTree = "<group>"; };
		9D31635621C068B60082CCC5 /* TableViewController.swift */ = {isa = PBXFileReference; lastKnownFileType = sourcecode.swift; path = TableViewController.swift; sourceTree = "<group>"; };
		9D31635A21C06E050082CCC5 /* PreviewViewController.swift */ = {isa = PBXFileReference; lastKnownFileType = sourcecode.swift; path = PreviewViewController.swift; sourceTree = "<group>"; };
		9D97590B21C2FCE600DA3802 /* Word.swift */ = {isa = PBXFileReference; lastKnownFileType = sourcecode.swift; path = Word.swift; sourceTree = "<group>"; };
/* End PBXFileReference section */

/* Begin PBXFrameworksBuildPhase section */
		9D31633E21C061060082CCC5 /* Frameworks */ = {
			isa = PBXFrameworksBuildPhase;
			buildActionMask = 2147483647;
			files = (
				2DF3CBE993A021104BDFB9FA /* Pods_WordList.framework in Frameworks */,
			);
			runOnlyForDeploymentPostprocessing = 0;
		};
/* End PBXFrameworksBuildPhase section */

/* Begin PBXGroup section */
		145DB9233D0C225606AEC190 /* Pods */ = {
			isa = PBXGroup;
			children = (
				737AEF03FF0A7ED6C0C62BE9 /* Pods-WordList.debug.xcconfig */,
				41AF5C3C04EB767AA1DE309A /* Pods-WordList.release.xcconfig */,
			);
			name = Pods;
			sourceTree = "<group>";
		};
		62F266B22A1AFE9F3CA9B5BF /* Frameworks */ = {
			isa = PBXGroup;
			children = (
				7B91AFE02E7A88BCA1C06923 /* Pods_WordList.framework */,
			);
			name = Frameworks;
			sourceTree = "<group>";
		};
		9D31633821C061060082CCC5 = {
			isa = PBXGroup;
			children = (
				9D31634321C061070082CCC5 /* WordList */,
				9D31634221C061070082CCC5 /* Products */,
				145DB9233D0C225606AEC190 /* Pods */,
				62F266B22A1AFE9F3CA9B5BF /* Frameworks */,
			);
			sourceTree = "<group>";
		};
		9D31634221C061070082CCC5 /* Products */ = {
			isa = PBXGroup;
			children = (
				9D31634121C061070082CCC5 /* WordList.app */,
			);
			name = Products;
			sourceTree = "<group>";
		};
		9D31634321C061070082CCC5 /* WordList */ = {
			isa = PBXGroup;
			children = (
				9D31634421C061070082CCC5 /* AppDelegate.swift */,
				9D31634821C061070082CCC5 /* Main.storyboard */,
				9D97590D21C3063600DA3802 /* Model */,
				9D31635A21C06E050082CCC5 /* PreviewViewController.swift */,
				9D31635621C068B60082CCC5 /* TableViewController.swift */,
				9D31634B21C061080082CCC5 /* Assets.xcassets */,
				9D31634D21C061080082CCC5 /* LaunchScreen.storyboard */,
				9D31635021C061080082CCC5 /* Info.plist */,
			);
			path = WordList;
			sourceTree = "<group>";
		};
		9D97590D21C3063600DA3802 /* Model */ = {
			isa = PBXGroup;
			children = (
				9D97590B21C2FCE600DA3802 /* Word.swift */,
			);
			path = Model;
			sourceTree = "<group>";
		};
/* End PBXGroup section */

/* Begin PBXNativeTarget section */
		9D31634021C061060082CCC5 /* WordList */ = {
			isa = PBXNativeTarget;
			buildConfigurationList = 9D31635321C061080082CCC5 /* Build configuration list for PBXNativeTarget "WordList" */;
			buildPhases = (
				0DF26F842B1A6004CFC967C9 /* [CP] Check Pods Manifest.lock */,
				9D31633D21C061060082CCC5 /* Sources */,
				9D31633E21C061060082CCC5 /* Frameworks */,
				9D31633F21C061060082CCC5 /* Resources */,
				C3246364330928C378E978D7 /* [CP] Embed Pods Frameworks */,
			);
			buildRules = (
			);
			dependencies = (
			);
			name = WordList;
			productName = WordList;
			productReference = 9D31634121C061070082CCC5 /* WordList.app */;
			productType = "com.apple.product-type.application";
		};
/* End PBXNativeTarget section */

/* Begin PBXProject section */
		9D31633921C061060082CCC5 /* Project object */ = {
			isa = PBXProject;
			attributes = {
				LastSwiftUpdateCheck = 1010;
				LastUpgradeCheck = 1010;
				ORGANIZATIONNAME = "Ege Sucu";
				TargetAttributes = {
					9D31634021C061060082CCC5 = {
						CreatedOnToolsVersion = 10.1;
					};
				};
			};
			buildConfigurationList = 9D31633C21C061060082CCC5 /* Build configuration list for PBXProject "WordList" */;
			compatibilityVersion = "Xcode 9.3";
			developmentRegion = en;
			hasScannedForEncodings = 0;
			knownRegions = (
				en,
				Base,
			);
			mainGroup = 9D31633821C061060082CCC5;
			productRefGroup = 9D31634221C061070082CCC5 /* Products */;
			projectDirPath = "";
			projectRoot = "";
			targets = (
				9D31634021C061060082CCC5 /* WordList */,
			);
		};
/* End PBXProject section */

/* Begin PBXResourcesBuildPhase section */
		9D31633F21C061060082CCC5 /* Resources */ = {
			isa = PBXResourcesBuildPhase;
			buildActionMask = 2147483647;
			files = (
				9D31634F21C061080082CCC5 /* LaunchScreen.storyboard in Resources */,
				9D31634C21C061080082CCC5 /* Assets.xcassets in Resources */,
				9D31634A21C061070082CCC5 /* Main.storyboard in Resources */,
			);
			runOnlyForDeploymentPostprocessing = 0;
		};
/* End PBXResourcesBuildPhase section */

/* Begin PBXShellScriptBuildPhase section */
		0DF26F842B1A6004CFC967C9 /* [CP] Check Pods Manifest.lock */ = {
			isa = PBXShellScriptBuildPhase;
			buildActionMask = 2147483647;
			files = (
			);
			inputFileListPaths = (
			);
			inputPaths = (
				"${PODS_PODFILE_DIR_PATH}/Podfile.lock",
				"${PODS_ROOT}/Manifest.lock",
			);
			name = "[CP] Check Pods Manifest.lock";
			outputFileListPaths = (
			);
			outputPaths = (
				"$(DERIVED_FILE_DIR)/Pods-WordList-checkManifestLockResult.txt",
			);
			runOnlyForDeploymentPostprocessing = 0;
			shellPath = /bin/sh;
			shellScript = "diff \"${PODS_PODFILE_DIR_PATH}/Podfile.lock\" \"${PODS_ROOT}/Manifest.lock\" > /dev/null\nif [ $? != 0 ] ; then\n    # print error to STDERR\n    echo \"error: The sandbox is not in sync with the Podfile.lock. Run 'pod install' or update your CocoaPods installation.\" >&2\n    exit 1\nfi\n# This output is used by Xcode 'outputs' to avoid re-running this script phase.\necho \"SUCCESS\" > \"${SCRIPT_OUTPUT_FILE_0}\"\n";
			showEnvVarsInLog = 0;
		};
		C3246364330928C378E978D7 /* [CP] Embed Pods Frameworks */ = {
			isa = PBXShellScriptBuildPhase;
			buildActionMask = 2147483647;
			files = (
			);
			inputFileListPaths = (
			);
			inputPaths = (
				"${SRCROOT}/Pods/Target Support Files/Pods-WordList/Pods-WordList-frameworks.sh",
				"${BUILT_PRODUCTS_DIR}/Realm/Realm.framework",
				"${BUILT_PRODUCTS_DIR}/RealmSwift/RealmSwift.framework",
			);
			name = "[CP] Embed Pods Frameworks";
			outputFileListPaths = (
			);
			outputPaths = (
				"${TARGET_BUILD_DIR}/${FRAMEWORKS_FOLDER_PATH}/Realm.framework",
				"${TARGET_BUILD_DIR}/${FRAMEWORKS_FOLDER_PATH}/RealmSwift.framework",
			);
			runOnlyForDeploymentPostprocessing = 0;
			shellPath = /bin/sh;
			shellScript = "\"${SRCROOT}/Pods/Target Support Files/Pods-WordList/Pods-WordList-frameworks.sh\"\n";
			showEnvVarsInLog = 0;
		};
/* End PBXShellScriptBuildPhase section */

/* Begin PBXSourcesBuildPhase section */
		9D31633D21C061060082CCC5 /* Sources */ = {
			isa = PBXSourcesBuildPhase;
			buildActionMask = 2147483647;
			files = (
				9D31634521C061070082CCC5 /* AppDelegate.swift in Sources */,
				9D31635721C068B60082CCC5 /* TableViewController.swift in Sources */,
				9D97590C21C2FCE600DA3802 /* Word.swift in Sources */,
				9D31635B21C06E050082CCC5 /* PreviewViewController.swift in Sources */,
			);
			runOnlyForDeploymentPostprocessing = 0;
		};
/* End PBXSourcesBuildPhase section */

/* Begin PBXVariantGroup section */
		9D31634821C061070082CCC5 /* Main.storyboard */ = {
			isa = PBXVariantGroup;
			children = (
				9D31634921C061070082CCC5 /* Base */,
			);
			name = Main.storyboard;
			sourceTree = "<group>";
		};
		9D31634D21C061080082CCC5 /* LaunchScreen.storyboard */ = {
			isa = PBXVariantGroup;
			children = (
				9D31634E21C061080082CCC5 /* Base */,
			);
			name = LaunchScreen.storyboard;
			sourceTree = "<group>";
		};
/* End PBXVariantGroup section */

/* Begin XCBuildConfiguration section */
		9D31635121C061080082CCC5 /* Debug */ = {
			isa = XCBuildConfiguration;
			buildSettings = {
				ALWAYS_SEARCH_USER_PATHS = NO;
				CLANG_ANALYZER_NONNULL = YES;
				CLANG_ANALYZER_NUMBER_OBJECT_CONVERSION = YES_AGGRESSIVE;
				CLANG_CXX_LANGUAGE_STANDARD = "gnu++14";
				CLANG_CXX_LIBRARY = "libc++";
				CLANG_ENABLE_MODULES = YES;
				CLANG_ENABLE_OBJC_ARC = YES;
				CLANG_ENABLE_OBJC_WEAK = YES;
				CLANG_WARN_BLOCK_CAPTURE_AUTORELEASING = YES;
				CLANG_WARN_BOOL_CONVERSION = YES;
				CLANG_WARN_COMMA = YES;
				CLANG_WARN_CONSTANT_CONVERSION = YES;
				CLANG_WARN_DEPRECATED_OBJC_IMPLEMENTATIONS = YES;
				CLANG_WARN_DIRECT_OBJC_ISA_USAGE = YES_ERROR;
				CLANG_WARN_DOCUMENTATION_COMMENTS = YES;
				CLANG_WARN_EMPTY_BODY = YES;
				CLANG_WARN_ENUM_CONVERSION = YES;
				CLANG_WARN_INFINITE_RECURSION = YES;
				CLANG_WARN_INT_CONVERSION = YES;
				CLANG_WARN_NON_LITERAL_NULL_CONVERSION = YES;
				CLANG_WARN_OBJC_IMPLICIT_RETAIN_SELF = YES;
				CLANG_WARN_OBJC_LITERAL_CONVERSION = YES;
				CLANG_WARN_OBJC_ROOT_CLASS = YES_ERROR;
				CLANG_WARN_RANGE_LOOP_ANALYSIS = YES;
				CLANG_WARN_STRICT_PROTOTYPES = YES;
				CLANG_WARN_SUSPICIOUS_MOVE = YES;
				CLANG_WARN_UNGUARDED_AVAILABILITY = YES_AGGRESSIVE;
				CLANG_WARN_UNREACHABLE_CODE = YES;
				CLANG_WARN__DUPLICATE_METHOD_MATCH = YES;
				CODE_SIGN_IDENTITY = "iPhone Developer";
				COPY_PHASE_STRIP = NO;
				DEBUG_INFORMATION_FORMAT = dwarf;
				ENABLE_STRICT_OBJC_MSGSEND = YES;
				ENABLE_TESTABILITY = YES;
				GCC_C_LANGUAGE_STANDARD = gnu11;
				GCC_DYNAMIC_NO_PIC = NO;
				GCC_NO_COMMON_BLOCKS = YES;
				GCC_OPTIMIZATION_LEVEL = 0;
				GCC_PREPROCESSOR_DEFINITIONS = (
					"DEBUG=1",
					"$(inherited)",
				);
				GCC_WARN_64_TO_32_BIT_CONVERSION = YES;
				GCC_WARN_ABOUT_RETURN_TYPE = YES_ERROR;
				GCC_WARN_UNDECLARED_SELECTOR = YES;
				GCC_WARN_UNINITIALIZED_AUTOS = YES_AGGRESSIVE;
				GCC_WARN_UNUSED_FUNCTION = YES;
				GCC_WARN_UNUSED_VARIABLE = YES;
				IPHONEOS_DEPLOYMENT_TARGET = 12.1;
				MTL_ENABLE_DEBUG_INFO = INCLUDE_SOURCE;
				MTL_FAST_MATH = YES;
				ONLY_ACTIVE_ARCH = YES;
				SDKROOT = iphoneos;
				SWIFT_ACTIVE_COMPILATION_CONDITIONS = DEBUG;
				SWIFT_OPTIMIZATION_LEVEL = "-Onone";
			};
			name = Debug;
		};
		9D31635221C061080082CCC5 /* Release */ = {
			isa = XCBuildConfiguration;
			buildSettings = {
				ALWAYS_SEARCH_USER_PATHS = NO;
				CLANG_ANALYZER_NONNULL = YES;
				CLANG_ANALYZER_NUMBER_OBJECT_CONVERSION = YES_AGGRESSIVE;
				CLANG_CXX_LANGUAGE_STANDARD = "gnu++14";
				CLANG_CXX_LIBRARY = "libc++";
				CLANG_ENABLE_MODULES = YES;
				CLANG_ENABLE_OBJC_ARC = YES;
				CLANG_ENABLE_OBJC_WEAK = YES;
				CLANG_WARN_BLOCK_CAPTURE_AUTORELEASING = YES;
				CLANG_WARN_BOOL_CONVERSION = YES;
				CLANG_WARN_COMMA = YES;
				CLANG_WARN_CONSTANT_CONVERSION = YES;
				CLANG_WARN_DEPRECATED_OBJC_IMPLEMENTATIONS = YES;
				CLANG_WARN_DIRECT_OBJC_ISA_USAGE = YES_ERROR;
				CLANG_WARN_DOCUMENTATION_COMMENTS = YES;
				CLANG_WARN_EMPTY_BODY = YES;
				CLANG_WARN_ENUM_CONVERSION = YES;
				CLANG_WARN_INFINITE_RECURSION = YES;
				CLANG_WARN_INT_CONVERSION = YES;
				CLANG_WARN_NON_LITERAL_NULL_CONVERSION = YES;
				CLANG_WARN_OBJC_IMPLICIT_RETAIN_SELF = YES;
				CLANG_WARN_OBJC_LITERAL_CONVERSION = YES;
				CLANG_WARN_OBJC_ROOT_CLASS = YES_ERROR;
				CLANG_WARN_RANGE_LOOP_ANALYSIS = YES;
				CLANG_WARN_STRICT_PROTOTYPES = YES;
				CLANG_WARN_SUSPICIOUS_MOVE = YES;
				CLANG_WARN_UNGUARDED_AVAILABILITY = YES_AGGRESSIVE;
				CLANG_WARN_UNREACHABLE_CODE = YES;
				CLANG_WARN__DUPLICATE_METHOD_MATCH = YES;
				CODE_SIGN_IDENTITY = "iPhone Developer";
				COPY_PHASE_STRIP = NO;
				DEBUG_INFORMATION_FORMAT = "dwarf-with-dsym";
				ENABLE_NS_ASSERTIONS = NO;
				ENABLE_STRICT_OBJC_MSGSEND = YES;
				GCC_C_LANGUAGE_STANDARD = gnu11;
				GCC_NO_COMMON_BLOCKS = YES;
				GCC_WARN_64_TO_32_BIT_CONVERSION = YES;
				GCC_WARN_ABOUT_RETURN_TYPE = YES_ERROR;
				GCC_WARN_UNDECLARED_SELECTOR = YES;
				GCC_WARN_UNINITIALIZED_AUTOS = YES_AGGRESSIVE;
				GCC_WARN_UNUSED_FUNCTION = YES;
				GCC_WARN_UNUSED_VARIABLE = YES;
				IPHONEOS_DEPLOYMENT_TARGET = 12.1;
				MTL_ENABLE_DEBUG_INFO = NO;
				MTL_FAST_MATH = YES;
				SDKROOT = iphoneos;
				SWIFT_COMPILATION_MODE = wholemodule;
				SWIFT_OPTIMIZATION_LEVEL = "-O";
				VALIDATE_PRODUCT = YES;
			};
			name = Release;
		};
		9D31635421C061080082CCC5 /* Debug */ = {
			isa = XCBuildConfiguration;
			baseConfigurationReference = 737AEF03FF0A7ED6C0C62BE9 /* Pods-WordList.debug.xcconfig */;
			buildSettings = {
				ASSETCATALOG_COMPILER_APPICON_NAME = AppIcon;
				CODE_SIGN_STYLE = Automatic;
				DEVELOPMENT_TEAM = RKA7R98LN8;
				INFOPLIST_FILE = WordList/Info.plist;
				IPHONEOS_DEPLOYMENT_TARGET = 12.1;
				LD_RUNPATH_SEARCH_PATHS = (
					"$(inherited)",
					"@executable_path/Frameworks",
				);
				PRODUCT_BUNDLE_IDENTIFIER = com.egesucu.WordList;
				PRODUCT_NAME = "$(TARGET_NAME)";
				SWIFT_VERSION = 4.2;
				TARGETED_DEVICE_FAMILY = 1;
			};
			name = Debug;
		};
		9D31635521C061080082CCC5 /* Release */ = {
			isa = XCBuildConfiguration;
			baseConfigurationReference = 41AF5C3C04EB767AA1DE309A /* Pods-WordList.release.xcconfig */;
			buildSettings = {
				ASSETCATALOG_COMPILER_APPICON_NAME = AppIcon;
				CODE_SIGN_STYLE = Automatic;
				DEVELOPMENT_TEAM = RKA7R98LN8;
				INFOPLIST_FILE = WordList/Info.plist;
				IPHONEOS_DEPLOYMENT_TARGET = 12.1;
				LD_RUNPATH_SEARCH_PATHS = (
					"$(inherited)",
					"@executable_path/Frameworks",
				);
				MTL_ENABLE_DEBUG_INFO = YES;
				PRODUCT_BUNDLE_IDENTIFIER = com.egesucu.WordList;
				PRODUCT_NAME = "$(TARGET_NAME)";
				SWIFT_VERSION = 4.2;
				TARGETED_DEVICE_FAMILY = 1;
			};
			name = Release;
		};
/* End XCBuildConfiguration section */

/* Begin XCConfigurationList section */
		9D31633C21C061060082CCC5 /* Build configuration list for PBXProject "WordList" */ = {
			isa = XCConfigurationList;
			buildConfigurations = (
				9D31635121C061080082CCC5 /* Debug */,
				9D31635221C061080082CCC5 /* Release */,
			);
			defaultConfigurationIsVisible = 0;
			defaultConfigurationName = Release;
		};
		9D31635321C061080082CCC5 /* Build configuration list for PBXNativeTarget "WordList" */ = {
			isa = XCConfigurationList;
			buildConfigurations = (
				9D31635421C061080082CCC5 /* Debug */,
				9D31635521C061080082CCC5 /* Release */,
			);
			defaultConfigurationIsVisible = 0;
			defaultConfigurationName = Release;
		};
/* End XCConfigurationList section */
	};
	rootObject = 9D31633921C061060082CCC5 /* Project object */;
}
